// !$*UTF8*$!
{
	archiveVersion = 1;
	classes = {
	};
	objectVersion = 46;
	objects = {

/* Begin PBXBuildFile section */
		D346F1AE1E2DEC8F00063C86 /* AppDelegate.swift in Sources */ = {isa = PBXBuildFile; fileRef = D346F1AD1E2DEC8F00063C86 /* AppDelegate.swift */; };
		D346F1B01E2DEC8F00063C86 /* ViewController.swift in Sources */ = {isa = PBXBuildFile; fileRef = D346F1AF1E2DEC8F00063C86 /* ViewController.swift */; };
		D346F1B31E2DEC8F00063C86 /* Main.storyboard in Resources */ = {isa = PBXBuildFile; fileRef = D346F1B11E2DEC8F00063C86 /* Main.storyboard */; };
		D346F1B51E2DEC8F00063C86 /* Assets.xcassets in Resources */ = {isa = PBXBuildFile; fileRef = D346F1B41E2DEC8F00063C86 /* Assets.xcassets */; };
		D346F1B81E2DEC8F00063C86 /* LaunchScreen.storyboard in Resources */ = {isa = PBXBuildFile; fileRef = D346F1B61E2DEC8F00063C86 /* LaunchScreen.storyboard */; };
/* End PBXBuildFile section */

/* Begin PBXFileReference section */
		D346F1AA1E2DEC8F00063C86 /* RedBlockCarthageFramework.app */ = {isa = PBXFileReference; explicitFileType = wrapper.application; includeInIndex = 0; path = RedBlockCarthageFramework.app; sourceTree = BUILT_PRODUCTS_DIR; };
		D346F1AD1E2DEC8F00063C86 /* AppDelegate.swift */ = {isa = PBXFileReference; lastKnownFileType = sourcecode.swift; path = AppDelegate.swift; sourceTree = "<group>"; };
		D346F1AF1E2DEC8F00063C86 /* ViewController.swift */ = {isa = PBXFileReference; lastKnownFileType = sourcecode.swift; path = ViewController.swift; sourceTree = "<group>"; };
		D346F1B21E2DEC8F00063C86 /* Base */ = {isa = PBXFileReference; lastKnownFileType = file.storyboard; name = Base; path = Base.lproj/Main.storyboard; sourceTree = "<group>"; };
		D346F1B41E2DEC8F00063C86 /* Assets.xcassets */ = {isa = PBXFileReference; lastKnownFileType = folder.assetcatalog; path = Assets.xcassets; sourceTree = "<group>"; };
		D346F1B71E2DEC8F00063C86 /* Base */ = {isa = PBXFileReference; lastKnownFileType = file.storyboard; name = Base; path = Base.lproj/LaunchScreen.storyboard; sourceTree = "<group>"; };
		D346F1B91E2DEC8F00063C86 /* Info.plist */ = {isa = PBXFileReference; lastKnownFileType = text.plist.xml; path = Info.plist; sourceTree = "<group>"; };
/* End PBXFileReference section */

/* Begin PBXFrameworksBuildPhase section */
		D346F1A71E2DEC8F00063C86 /* Frameworks */ = {
			isa = PBXFrameworksBuildPhase;
			buildActionMask = 2147483647;
			files = (
			);
			runOnlyForDeploymentPostprocessing = 0;
		};
/* End PBXFrameworksBuildPhase section */

/* Begin PBXGroup section */
		D346F1A11E2DEC8F00063C86 = {
			isa = PBXGroup;
			children = (
				D346F1AC1E2DEC8F00063C86 /* RedBlockCarthageFramework */,
				D346F1AB1E2DEC8F00063C86 /* Products */,
			);
			sourceTree = "<group>";
		};
		D346F1AB1E2DEC8F00063C86 /* Products */ = {
			isa = PBXGroup;
			children = (
				D346F1AA1E2DEC8F00063C86 /* RedBlockCarthageFramework.app */,
			);
			name = Products;
			sourceTree = "<group>";
		};
		D346F1AC1E2DEC8F00063C86 /* RedBlockCarthageFramework */ = {
			isa = PBXGroup;
			children = (
				D346F1AD1E2DEC8F00063C86 /* AppDelegate.swift */,
				D346F1AF1E2DEC8F00063C86 /* ViewController.swift */,
				D346F1B11E2DEC8F00063C86 /* Main.storyboard */,
				D346F1B41E2DEC8F00063C86 /* Assets.xcassets */,
				D346F1B61E2DEC8F00063C86 /* LaunchScreen.storyboard */,
				D346F1B91E2DEC8F00063C86 /* Info.plist */,
			);
			path = RedBlockCarthageFramework;
			sourceTree = "<group>";
		};
/* End PBXGroup section */

/* Begin PBXNativeTarget section */
		D346F1A91E2DEC8F00063C86 /* RedBlockCarthageFramework */ = {
			isa = PBXNativeTarget;
			buildConfigurationList = D346F1BC1E2DEC8F00063C86 /* Build configuration list for PBXNativeTarget "RedBlockCarthageFramework" */;
			buildPhases = (
				D346F1A61E2DEC8F00063C86 /* Sources */,
				D346F1A71E2DEC8F00063C86 /* Frameworks */,
				D346F1A81E2DEC8F00063C86 /* Resources */,
			);
			buildRules = (
			);
			dependencies = (
			);
			name = RedBlockCarthageFramework;
			productName = RedBlockCarthageFramework;
			productReference = D346F1AA1E2DEC8F00063C86 /* RedBlockCarthageFramework.app */;
			productType = "com.apple.product-type.application";
		};
/* End PBXNativeTarget section */

/* Begin PBXProject section */
		D346F1A21E2DEC8F00063C86 /* Project object */ = {
			isa = PBXProject;
			attributes = {
				LastSwiftUpdateCheck = 0810;
				LastUpgradeCheck = 0810;
				ORGANIZATIONNAME = Seimith;
				TargetAttributes = {
					D346F1A91E2DEC8F00063C86 = {
						CreatedOnToolsVersion = 8.1;
						ProvisioningStyle = Automatic;
					};
				};
			};
			buildConfigurationList = D346F1A51E2DEC8F00063C86 /* Build configuration list for PBXProject "RedBlockCarthageFramework" */;
			compatibilityVersion = "Xcode 3.2";
			developmentRegion = English;
			hasScannedForEncodings = 0;
			knownRegions = (
				en,
				Base,
			);
			mainGroup = D346F1A11E2DEC8F00063C86;
			productRefGroup = D346F1AB1E2DEC8F00063C86 /* Products */;
			projectDirPath = "";
			projectRoot = "";
			targets = (
				D346F1A91E2DEC8F00063C86 /* RedBlockCarthageFramework */,
			);
		};
/* End PBXProject section */

/* Begin PBXResourcesBuildPhase section */
		D346F1A81E2DEC8F00063C86 /* Resources */ = {
			isa = PBXResourcesBuildPhase;
			buildActionMask = 2147483647;
			files = (
				D346F1B81E2DEC8F00063C86 /* LaunchScreen.storyboard in Resources */,
				D346F1B51E2DEC8F00063C86 /* Assets.xcassets in Resources */,
				D346F1B31E2DEC8F00063C86 /* Main.storyboard in Resources */,
			);
			runOnlyForDeploymentPostprocessing = 0;
		};
/* End PBXResourcesBuildPhase section */

/* Begin PBXSourcesBuildPhase section */
		D346F1A61E2DEC8F00063C86 /* Sources */ = {
			isa = PBXSourcesBuildPhase;
			buildActionMask = 2147483647;
			files = (
				D346F1B01E2DEC8F00063C86 /* ViewController.swift in Sources */,
				D346F1AE1E2DEC8F00063C86 /* AppDelegate.swift in Sources */,
			);
			runOnlyForDeploymentPostprocessing = 0;
		};
/* End PBXSourcesBuildPhase section */

/* Begin PBXVariantGroup section */
		D346F1B11E2DEC8F00063C86 /* Main.storyboard */ = {
			isa = PBXVariantGroup;
			children = (
				D346F1B21E2DEC8F00063C86 /* Base */,
			);
			name = Main.storyboard;
			sourceTree = "<group>";
		};
		D346F1B61E2DEC8F00063C86 /* LaunchScreen.storyboard */ = {
			isa = PBXVariantGroup;
			children = (
				D346F1B71E2DEC8F00063C86 /* Base */,
			);
			name = LaunchScreen.storyboard;
			sourceTree = "<group>";
		};
/* End PBXVariantGroup section */

/* Begin XCBuildConfiguration section */
		D346F1BA1E2DEC8F00063C86 /* Debug */ = {
			isa = XCBuildConfiguration;
			buildSettings = {
				ALWAYS_SEARCH_USER_PATHS = NO;
				CLANG_ANALYZER_NONNULL = YES;
				CLANG_CXX_LANGUAGE_STANDARD = "gnu++0x";
				CLANG_CXX_LIBRARY = "libc++";
				CLANG_ENABLE_MODULES = YES;
				CLANG_ENABLE_OBJC_ARC = YES;
				CLANG_WARN_BOOL_CONVERSION = YES;
				CLANG_WARN_CONSTANT_CONVERSION = YES;
				CLANG_WARN_DIRECT_OBJC_ISA_USAGE = YES_ERROR;
				CLANG_WARN_DOCUMENTATION_COMMENTS = YES;
				CLANG_WARN_EMPTY_BODY = YES;
				CLANG_WARN_ENUM_CONVERSION = YES;
				CLANG_WARN_INFINITE_RECURSION = YES;
				CLANG_WARN_INT_CONVERSION = YES;
				CLANG_WARN_OBJC_ROOT_CLASS = YES_ERROR;
				CLANG_WARN_SUSPICIOUS_MOVES = YES;
				CLANG_WARN_UNREACHABLE_CODE = YES;
				CLANG_WARN__DUPLICATE_METHOD_MATCH = YES;
				"CODE_SIGN_IDENTITY[sdk=iphoneos*]" = "iPhone Developer";
				COPY_PHASE_STRIP = NO;
				DEBUG_INFORMATION_FORMAT = dwarf;
				ENABLE_STRICT_OBJC_MSGSEND = YES;
				ENABLE_TESTABILITY = YES;
				GCC_C_LANGUAGE_STANDARD = gnu99;
				GCC_DYNAMIC_NO_PIC = NO;
				GCC_NO_COMMON_BLOCKS = YES;
				GCC_OPTIMIZATION_LEVEL = 0;
				GCC_PREPROCESSOR_DEFINITIONS = (
					"DEBUG=1",
					"$(inherited)",
				);
				GCC_WARN_64_TO_32_BIT_CONVERSION = YES;
				GCC_WARN_ABOUT_RETURN_TYPE = YES_ERROR;
				GCC_WARN_UNDECLARED_SELECTOR = YES;
				GCC_WARN_UNINITIALIZED_AUTOS = YES_AGGRESSIVE;
				GCC_WARN_UNUSED_FUNCTION = YES;
				GCC_WARN_UNUSED_VARIABLE = YES;
				IPHONEOS_DEPLOYMENT_TARGET = 10.1;
				MTL_ENABLE_DEBUG_INFO = YES;
				ONLY_ACTIVE_ARCH = YES;
				SDKROOT = iphoneos;
				SWIFT_ACTIVE_COMPILATION_CONDITIONS = DEBUG;
				SWIFT_OPTIMIZATION_LEVEL = "-Onone";
				TARGETED_DEVICE_FAMILY = "1,2";
			};
			name = Debug;
		};
		D346F1BB1E2DEC8F00063C86 /* Release */ = {
			isa = XCBuildConfiguration;
			buildSettings = {
				ALWAYS_SEARCH_USER_PATHS = NO;
				CLANG_ANALYZER_NONNULL = YES;
				CLANG_CXX_LANGUAGE_STANDARD = "gnu++0x";
				CLANG_CXX_LIBRARY = "libc++";
				CLANG_ENABLE_MODULES = YES;
				CLANG_ENABLE_OBJC_ARC = YES;
				CLANG_WARN_BOOL_CONVERSION = YES;
				CLANG_WARN_CONSTANT_CONVERSION = YES;
				CLANG_WARN_DIRECT_OBJC_ISA_USAGE = YES_ERROR;
				CLANG_WARN_DOCUMENTATION_COMMENTS = YES;
				CLANG_WARN_EMPTY_BODY = YES;
				CLANG_WARN_ENUM_CONVERSION = YES;
				CLANG_WARN_INFINITE_RECURSION = YES;
				CLANG_WARN_INT_CONVERSION = YES;
				CLANG_WARN_OBJC_ROOT_CLASS = YES_ERROR;
				CLANG_WARN_SUSPICIOUS_MOVES = YES;
				CLANG_WARN_UNREACHABLE_CODE = YES;
				CLANG_WARN__DUPLICATE_METHOD_MATCH = YES;
				"CODE_SIGN_IDENTITY[sdk=iphoneos*]" = "iPhone Developer";
				COPY_PHASE_STRIP = NO;
				DEBUG_INFORMATION_FORMAT = "dwarf-with-dsym";
				ENABLE_NS_ASSERTIONS = NO;
				ENABLE_STRICT_OBJC_MSGSEND = YES;
				GCC_C_LANGUAGE_STANDARD = gnu99;
				GCC_NO_COMMON_BLOCKS = YES;
				GCC_WARN_64_TO_32_BIT_CONVERSION = YES;
				GCC_WARN_ABOUT_RETURN_TYPE = YES_ERROR;
				GCC_WARN_UNDECLARED_SELECTOR = YES;
				GCC_WARN_UNINITIALIZED_AUTOS = YES_AGGRESSIVE;
				GCC_WARN_UNUSED_FUNCTION = YES;
				GCC_WARN_UNUSED_VARIABLE = YES;
				IPHONEOS_DEPLOYMENT_TARGET = 10.1;
				MTL_ENABLE_DEBUG_INFO = NO;
				SDKROOT = iphoneos;
				SWIFT_OPTIMIZATION_LEVEL = "-Owholemodule";
				TARGETED_DEVICE_FAMILY = "1,2";
				VALIDATE_PRODUCT = YES;
			};
			name = Release;
		};
		D346F1BD1E2DEC8F00063C86 /* Debug */ = {
			isa = XCBuildConfiguration;
			buildSettings = {
				ASSETCATALOG_COMPILER_APPICON_NAME = AppIcon;
				INFOPLIST_FILE = RedBlockCarthageFramework/Info.plist;
				LD_RUNPATH_SEARCH_PATHS = "$(inherited) @executable_path/Frameworks";
				PRODUCT_BUNDLE_IDENTIFIER = com.seimith.RedBlockCarthageFramework;
				PRODUCT_NAME = "$(TARGET_NAME)";
				SWIFT_VERSION = 3.0;
			};
			name = Debug;
		};
		D346F1BE1E2DEC8F00063C86 /* Release */ = {
			isa = XCBuildConfiguration;
			buildSettings = {
				ASSETCATALOG_COMPILER_APPICON_NAME = AppIcon;
				INFOPLIST_FILE = RedBlockCarthageFramework/Info.plist;
				LD_RUNPATH_SEARCH_PATHS = "$(inherited) @executable_path/Frameworks";
				PRODUCT_BUNDLE_IDENTIFIER = com.seimith.RedBlockCarthageFramework;
				PRODUCT_NAME = "$(TARGET_NAME)";
				SWIFT_VERSION = 3.0;
			};
			name = Release;
		};
/* End XCBuildConfiguration section */

/* Begin XCConfigurationList section */
		D346F1A51E2DEC8F00063C86 /* Build configuration list for PBXProject "RedBlockCarthageFramework" */ = {
			isa = XCConfigurationList;
			buildConfigurations = (
				D346F1BA1E2DEC8F00063C86 /* Debug */,
				D346F1BB1E2DEC8F00063C86 /* Release */,
			);
			defaultConfigurationIsVisible = 0;
			defaultConfigurationName = Release;
		};
		D346F1BC1E2DEC8F00063C86 /* Build configuration list for PBXNativeTarget "RedBlockCarthageFramework" */ = {
			isa = XCConfigurationList;
			buildConfigurations = (
				D346F1BD1E2DEC8F00063C86 /* Debug */,
				D346F1BE1E2DEC8F00063C86 /* Release */,
			);
			defaultConfigurationIsVisible = 0;
		};
/* End XCConfigurationList section */
	};
	rootObject = D346F1A21E2DEC8F00063C86 /* Project object */;
}
